{
    "format_version": "1.2",
    "terraform_version": "1.5.7",
    "planned_values": {
        "root_module": {
            "resources": [
                {
                    "address": "aws_iam_access_key.lb",
                    "mode": "managed",
                    "type": "aws_iam_access_key",
                    "name": "lb",
                    "provider_name": "registry.terraform.io/hashicorp/aws",
                    "schema_version": 0,
                    "values": {
                        "pgp_key": null,
                        "status": "Active",
                        "user": "loadbalancer"
                    },
                    "sensitive_values": {}
                },
                {
                    "address": "aws_iam_user.lb",
                    "mode": "managed",
                    "type": "aws_iam_user",
                    "name": "lb",
                    "provider_name": "registry.terraform.io/hashicorp/aws",
                    "schema_version": 0,
                    "values": {
                        "force_destroy": false,
                        "name": "loadbalancer",
                        "path": "/system/",
                        "permissions_boundary": null,
                        "tags": {
                            "tag-key": "tag-value"
                        },
                        "tags_all": {
                            "tag-key": "tag-value"
                        }
                    },
                    "sensitive_values": {
                        "tags": {},
                        "tags_all": {}
                    }
                },
                {
                    "address": "aws_iam_user_policy.lb_ro",
                    "mode": "managed",
                    "type": "aws_iam_user_policy",
                    "name": "lb_ro",
                    "provider_name": "registry.terraform.io/hashicorp/aws",
                    "schema_version": 0,
                    "values": {
                        "name": "test",
                        "name_prefix": null,
                        "policy": "{\"Version\":\"2012-10-17\",\"Statement\":[{\"Action\":[\"ec2:Describe*\"],\"Condition\":{\"StringEquals\":{\"aws:ResourceTag/environment\":\"production\"}},\"Effect\":\"Allow\",\"Resource\":\"*\"}]}",
                        "user": "loadbalancer"
                    },
                    "sensitive_values": {}
                },
                {
                    "address": "aws_s3_bucket.example",
                    "mode": "managed",
                    "type": "aws_s3_bucket",
                    "name": "example",
                    "provider_name": "registry.terraform.io/hashicorp/aws",
                    "schema_version": 0,
                    "values": {
                        "bucket": "my-tf-test-bucket",
                        "force_destroy": false,
                        "tags": null,
                        "timeouts": null
                    },
                    "sensitive_values": {
                        "cors_rule": [],
                        "grant": [],
                        "lifecycle_rule": [],
                        "logging": [],
                        "object_lock_configuration": [],
                        "replication_configuration": [],
                        "server_side_encryption_configuration": [],
                        "tags_all": {},
                        "versioning": [],
                        "website": []
                    }
                },
                {
                    "address": "aws_s3_bucket_policy.allow_access_from_another_account",
                    "mode": "managed",
                    "type": "aws_s3_bucket_policy",
                    "name": "allow_access_from_another_account",
                    "provider_name": "registry.terraform.io/hashicorp/aws",
                    "schema_version": 0,
                    "values": {
                        "policy": "{\"Statement\":[{\"Action\":[\"s3:ListBucket\",\"s3:GetObject\"],\"Effect\":\"Allow\",\"Principal\":{\"AWS\":\"123456789012\"},\"Resource\":\"*\",\"Sid\":\"\"}],\"Version\":\"2012-10-17\"}"
                    },
                    "sensitive_values": {}
                }
            ]
        }
    },
    "resource_changes": [
        {
            "address": "aws_iam_access_key.lb",
            "mode": "managed",
            "type": "aws_iam_access_key",
            "name": "lb",
            "provider_name": "registry.terraform.io/hashicorp/aws",
            "change": {
                "actions": [
                    "create"
                ],
                "before": null,
                "after": {
                    "pgp_key": null,
                    "status": "Active",
                    "user": "loadbalancer"
                },
                "after_unknown": {
                    "create_date": true,
                    "encrypted_secret": true,
                    "encrypted_ses_smtp_password_v4": true,
                    "id": true,
                    "key_fingerprint": true,
                    "secret": true,
                    "ses_smtp_password_v4": true
                },
                "before_sensitive": false,
                "after_sensitive": {
                    "secret": true,
                    "ses_smtp_password_v4": true
                }
            }
        },
        {
            "address": "aws_iam_user.lb",
            "mode": "managed",
            "type": "aws_iam_user",
            "name": "lb",
            "provider_name": "registry.terraform.io/hashicorp/aws",
            "change": {
                "actions": [
                    "create"
                ],
                "before": null,
                "after": {
                    "force_destroy": false,
                    "name": "loadbalancer",
                    "path": "/system/",
                    "permissions_boundary": null,
                    "tags": {
                        "tag-key": "tag-value"
                    },
                    "tags_all": {
                        "tag-key": "tag-value"
                    }
                },
                "after_unknown": {
                    "arn": true,
                    "id": true,
                    "tags": {},
                    "tags_all": {},
                    "unique_id": true
                },
                "before_sensitive": false,
                "after_sensitive": {
                    "tags": {},
                    "tags_all": {}
                }
            }
        },
        {
            "address": "aws_iam_user_policy.lb_ro",
            "mode": "managed",
            "type": "aws_iam_user_policy",
            "name": "lb_ro",
            "provider_name": "registry.terraform.io/hashicorp/aws",
            "change": {
                "actions": [
                    "create"
                ],
                "before": null,
                "after": {
                    "name": "test",
                    "name_prefix": null,
                    "policy": "{\"Version\":\"2012-10-17\",\"Statement\":[{\"Action\":[\"ec2:Describe*\"],\"Condition\":{\"StringEquals\":{\"aws:ResourceTag/environment\":\"production\"}},\"Effect\":\"Allow\",\"Resource\":\"*\"}]}",
                    "user": "loadbalancer"
                },
                "after_unknown": {
                    "id": true
                },
                "before_sensitive": false,
                "after_sensitive": {}
            }
        },
        {
            "address": "aws_s3_bucket.example",
            "mode": "managed",
            "type": "aws_s3_bucket",
            "name": "example",
            "provider_name": "registry.terraform.io/hashicorp/aws",
            "change": {
                "actions": [
                    "create"
                ],
                "before": null,
                "after": {
                    "bucket": "my-tf-test-bucket",
                    "force_destroy": false,
                    "tags": null,
                    "timeouts": null
                },
                "after_unknown": {
                    "acceleration_status": true,
                    "acl": true,
                    "arn": true,
                    "bucket_domain_name": true,
                    "bucket_prefix": true,
                    "bucket_regional_domain_name": true,
                    "cors_rule": true,
                    "grant": true,
                    "hosted_zone_id": true,
                    "id": true,
                    "lifecycle_rule": true,
                    "logging": true,
                    "object_lock_configuration": true,
                    "object_lock_enabled": true,
                    "policy": true,
                    "region": true,
                    "replication_configuration": true,
                    "request_payer": true,
                    "server_side_encryption_configuration": true,
                    "tags_all": true,
                    "versioning": true,
                    "website": true,
                    "website_domain": true,
                    "website_endpoint": true
                },
                "before_sensitive": false,
                "after_sensitive": {
                    "cors_rule": [],
                    "grant": [],
                    "lifecycle_rule": [],
                    "logging": [],
                    "object_lock_configuration": [],
                    "replication_configuration": [],
                    "server_side_encryption_configuration": [],
                    "tags_all": {},
                    "versioning": [],
                    "website": []
                }
            }
        },
        {
            "address": "aws_s3_bucket_policy.allow_access_from_another_account",
            "mode": "managed",
            "type": "aws_s3_bucket_policy",
            "name": "allow_access_from_another_account",
            "provider_name": "registry.terraform.io/hashicorp/aws",
            "change": {
                "actions": [
                    "create"
                ],
                "before": null,
                "after": {
                    "policy": "{\"Statement\":[{\"Action\":[\"s3:ListBucket\",\"s3:GetObject\"],\"Effect\":\"Allow\",\"Principal\":{\"AWS\":\"123456789012\"},\"Resource\":\"*\",\"Sid\":\"\"}],\"Version\":\"2012-10-17\"}"
                },
                "after_unknown": {
                    "bucket": true,
                    "id": true
                },
                "before_sensitive": false,
                "after_sensitive": {}
            }
        }
    ],
    "prior_state": {
        "format_version": "1.0",
        "terraform_version": "1.5.7",
        "values": {
            "root_module": {
                "resources": [
                    {
                        "address": "data.aws_iam_policy_document.allow_access_from_another_account",
                        "mode": "data",
                        "type": "aws_iam_policy_document",
                        "name": "allow_access_from_another_account",
                        "provider_name": "registry.terraform.io/hashicorp/aws",
                        "schema_version": 0,
                        "values": {
                            "id": "2649786899",
                            "json": "{\n  \"Version\": \"2012-10-17\",\n  \"Statement\": [\n    {\n      \"Sid\": \"\",\n      \"Effect\": \"Allow\",\n      \"Action\": [\n        \"s3:ListBucket\",\n        \"s3:GetObject\"\n      ],\n      \"Resource\": \"*\",\n      \"Principal\": {\n        \"AWS\": \"123456789012\"\n      }\n    }\n  ]\n}",
                            "override_json": null,
                            "override_policy_documents": null,
                            "policy_id": null,
                            "source_json": null,
                            "source_policy_documents": null,
                            "statement": [
                                {
                                    "actions": [
                                        "s3:GetObject",
                                        "s3:ListBucket"
                                    ],
                                    "condition": [],
                                    "effect": "Allow",
                                    "not_actions": [],
                                    "not_principals": [],
                                    "not_resources": [],
                                    "principals": [
                                        {
                                            "identifiers": [
                                                "123456789012"
                                            ],
                                            "type": "AWS"
                                        }
                                    ],
                                    "resources": [
                                        "*"
                                    ],
                                    "sid": ""
                                }
                            ],
                            "version": "2012-10-17"
                        },
                        "sensitive_values": {
                            "statement": [
                                {
                                    "actions": [
                                        false,
                                        false
                                    ],
                                    "condition": [],
                                    "not_actions": [],
                                    "not_principals": [],
                                    "not_resources": [],
                                    "principals": [
                                        {
                                            "identifiers": [
                                                false
                                            ]
                                        }
                                    ],
                                    "resources": [
                                        false
                                    ]
                                }
                            ]
                        }
                    }
                ]
            }
        }
    },
    "configuration": {
        "provider_config": {
            "aws": {
                "name": "aws",
                "full_name": "registry.terraform.io/hashicorp/aws",
                "version_constraint": "~\u003e 4.0",
                "expressions": {
                    "region": {
                        "constant_value": "us-west-2"
                    }
                }
            }
        },
        "root_module": {
            "resources": [
                {
                    "address": "aws_iam_access_key.lb",
                    "mode": "managed",
                    "type": "aws_iam_access_key",
                    "name": "lb",
                    "provider_config_key": "aws",
                    "expressions": {
                        "user": {
                            "references": [
                                "aws_iam_user.lb.name",
                                "aws_iam_user.lb"
                            ]
                        }
                    },
                    "schema_version": 0
                },
                {
                    "address": "aws_iam_user.lb",
                    "mode": "managed",
                    "type": "aws_iam_user",
                    "name": "lb",
                    "provider_config_key": "aws",
                    "expressions": {
                        "name": {
                            "constant_value": "loadbalancer"
                        },
                        "path": {
                            "constant_value": "/system/"
                        },
                        "tags": {
                            "constant_value": {
                                "tag-key": "tag-value"
                            }
                        }
                    },
                    "schema_version": 0
                },
                {
                    "address": "aws_iam_user_policy.lb_ro",
                    "mode": "managed",
                    "type": "aws_iam_user_policy",
                    "name": "lb_ro",
                    "provider_config_key": "aws",
                    "expressions": {
                        "name": {
                            "constant_value": "test"
                        },
                        "policy": {},
                        "user": {
                            "references": [
                                "aws_iam_user.lb.name",
                                "aws_iam_user.lb"
                            ]
                        }
                    },
                    "schema_version": 0
                },
                {
                    "address": "aws_s3_bucket.example",
                    "mode": "managed",
                    "type": "aws_s3_bucket",
                    "name": "example",
                    "provider_config_key": "aws",
                    "expressions": {
                        "bucket": {
                            "constant_value": "my-tf-test-bucket"
                        }
                    },
                    "schema_version": 0
                },
                {
                    "address": "aws_s3_bucket_policy.allow_access_from_another_account",
                    "mode": "managed",
                    "type": "aws_s3_bucket_policy",
                    "name": "allow_access_from_another_account",
                    "provider_config_key": "aws",
                    "expressions": {
                        "bucket": {
                            "references": [
                                "aws_s3_bucket.example.id",
                                "aws_s3_bucket.example"
                            ]
                        },
                        "policy": {
                            "references": [
                                "data.aws_iam_policy_document.allow_access_from_another_account.json",
                                "data.aws_iam_policy_document.allow_access_from_another_account"
                            ]
                        }
                    },
                    "schema_version": 0
                },
                {
                    "address": "data.aws_iam_policy_document.allow_access_from_another_account",
                    "mode": "data",
                    "type": "aws_iam_policy_document",
                    "name": "allow_access_from_another_account",
                    "provider_config_key": "aws",
                    "expressions": {
                        "statement": [
                            {
                                "actions": {
                                    "constant_value": [
                                        "s3:GetObject",
                                        "s3:ListBucket"
                                    ]
                                },
                                "principals": [
                                    {
                                        "identifiers": {
                                            "constant_value": [
                                                "123456789012"
                                            ]
                                        },
                                        "type": {
                                            "constant_value": "AWS"
                                        }
                                    }
                                ],
                                "resources": {
                                    "constant_value": [
                                        "*"
                                    ]
                                }
                            }
                        ]
                    },
                    "schema_version": 0
                }
            ]
        }
    },
    "relevant_attributes": [
        {
            "resource": "aws_iam_user.lb",
            "attribute": [
                "name"
            ]
        },
        {
            "resource": "data.aws_iam_policy_document.allow_access_from_another_account",
            "attribute": [
                "json"
            ]
        },
        {
            "resource": "aws_s3_bucket.example",
            "attribute": [
                "id"
            ]
        }
    ],
    "timestamp": "2024-04-20T21:53:24Z"
}