{"format_version":"1.2","terraform_version":"1.5.7","planned_values":{"root_module":{"resources":[{"address":"aws_iam_role.test_role","mode":"managed","type":"aws_iam_role","name":"test_role","provider_name":"registry.terraform.io/hashicorp/aws","schema_version":0,"values":{"assume_role_policy":"{\"Statement\":[{\"Action\":\"sts:AssumeRole\",\"Effect\":\"Allow\",\"Principal\":{\"Service\":\"ec2.amazonaws.com\"},\"Sid\":\"\"}],\"Version\":\"2012-10-17\"}","description":null,"force_detach_policies":false,"inline_policy":[{"name":"my_inline_policy","policy":"{\"Version\":\"2012-10-17\",\"Statement\":[{\"Action\":[\"ec2:Describe*\"],\"Effect\":\"Allow\",\"Resource\":\"*\"}]}"}],"max_session_duration":3600,"name":"test_role","path":"/","permissions_boundary":null,"tags":{"tag-key":"tag-value"},"tags_all":{"tag-key":"tag-value"}},"sensitive_values":{"inline_policy":[{}],"managed_policy_arns":[],"tags":{},"tags_all":{}}}]}},"resource_changes":[{"address":"aws_iam_role.test_role","mode":"managed","type":"aws_iam_role","name":"test_role","provider_name":"registry.terraform.io/hashicorp/aws","change":{"actions":["create"],"before":null,"after":{"assume_role_policy":"{\"Statement\":[{\"Action\":\"sts:AssumeRole\",\"Effect\":\"Allow\",\"Principal\":{\"Service\":\"ec2.amazonaws.com\"},\"Sid\":\"\"}],\"Version\":\"2012-10-17\"}","description":null,"force_detach_policies":false,"inline_policy":[{"name":"my_inline_policy","policy":"{\"Version\":\"2012-10-17\",\"Statement\":[{\"Action\":[\"ec2:Describe*\"],\"Effect\":\"Allow\",\"Resource\":\"*\"}]}"}],"max_session_duration":3600,"name":"test_role","path":"/","permissions_boundary":null,"tags":{"tag-key":"tag-value"},"tags_all":{"tag-key":"tag-value"}},"after_unknown":{"arn":true,"create_date":true,"id":true,"inline_policy":[{}],"managed_policy_arns":true,"name_prefix":true,"tags":{},"tags_all":{},"unique_id":true},"before_sensitive":false,"after_sensitive":{"inline_policy":[{}],"managed_policy_arns":[],"tags":{},"tags_all":{}}}}],"configuration":{"provider_config":{"aws":{"name":"aws","full_name":"registry.terraform.io/hashicorp/aws"}},"root_module":{"resources":[{"address":"aws_iam_role.test_role","mode":"managed","type":"aws_iam_role","name":"test_role","provider_config_key":"aws","expressions":{"assume_role_policy":{},"inline_policy":[{"name":{"constant_value":"my_inline_policy"},"policy":{}}],"name":{"constant_value":"test_role"},"tags":{"constant_value":{"tag-key":"tag-value"}}},"schema_version":0}]}},"timestamp":"2023-11-08T00:43:29Z"}
