{"format_version":"1.2","terraform_version":"1.5.7","planned_values":{"root_module":{"resources":[{"address":"aws_iam_access_key.lb","mode":"managed","type":"aws_iam_access_key","name":"lb","provider_name":"registry.terraform.io/hashicorp/aws","schema_version":0,"values":{"pgp_key":null,"status":"Active","user":"loadbalancer"},"sensitive_values":{}},{"address":"aws_iam_group.my_developers","mode":"managed","type":"aws_iam_group","name":"my_developers","provider_name":"registry.terraform.io/hashicorp/aws","schema_version":0,"values":{"name":"developers","path":"/users/"},"sensitive_values":{}},{"address":"aws_iam_group_policy.my_developer_policy","mode":"managed","type":"aws_iam_group_policy","name":"my_developer_policy","provider_name":"registry.terraform.io/hashicorp/aws","schema_version":0,"values":{"group":"developers","name":"my_developer_policy","name_prefix":null,"policy":"{\"Version\":\"2012-10-17\",\"Statement\":[{\"Action\":[\"ec2:Allocate*\"],\"Effect\":\"Allow\",\"Resource\":\"*\"}]}"},"sensitive_values":{}},{"address":"aws_iam_policy.policy","mode":"managed","type":"aws_iam_policy","name":"policy","provider_name":"registry.terraform.io/hashicorp/aws","schema_version":0,"values":{"description":"My test policy","name":"test_policy","path":"/","policy":"{\"Statement\":[{\"Action\":[\"ec2:List*\"],\"Effect\":\"Allow\",\"Resource\":\"*\"}],\"Version\":\"2012-10-17\"}","tags":null},"sensitive_values":{"tags_all":{}}},{"address":"aws_iam_role.example","mode":"managed","type":"aws_iam_role","name":"example","provider_name":"registry.terraform.io/hashicorp/aws","schema_version":0,"values":{"assume_role_policy":"{\"Statement\":[{\"Action\":\"sts:AssumeRole\",\"Effect\":\"Allow\",\"Principal\":{\"Service\":\"ec2.amazonaws.com\"},\"Sid\":\"\"}],\"Version\":\"2012-10-17\"}","description":null,"force_detach_policies":false,"inline_policy":[{"name":"my_inline_policy","policy":"{\"Version\":\"2012-10-17\",\"Statement\":[{\"Action\":[\"ec2:Accept*\"],\"Effect\":\"Allow\",\"Resource\":\"*\"}]}"},{"name":"policy-8675309","policy":"{\"Version\":\"2012-10-17\",\"Statement\":[{\"Action\":\"ec2:Apply*\",\"Effect\":\"Allow\",\"Resource\":\"*\",\"Sid\":\"\"}]}"}],"max_session_duration":3600,"name":"yak_role","path":"/","permissions_boundary":null,"tags":null},"sensitive_values":{"inline_policy":[{},{}],"managed_policy_arns":[],"role_last_used":[],"tags_all":{}}},{"address":"aws_iam_role.test_role","mode":"managed","type":"aws_iam_role","name":"test_role","provider_name":"registry.terraform.io/hashicorp/aws","schema_version":0,"values":{"assume_role_policy":"{\"Statement\":[{\"Action\":\"sts:AssumeRole\",\"Effect\":\"Allow\",\"Principal\":{\"Service\":\"ec2.amazonaws.com\"},\"Sid\":\"\"}],\"Version\":\"2012-10-17\"}","description":null,"force_detach_policies":false,"max_session_duration":3600,"name":"test_role","path":"/","permissions_boundary":null,"tags":null},"sensitive_values":{"inline_policy":[],"managed_policy_arns":[],"role_last_used":[],"tags_all":{}}},{"address":"aws_iam_role_policy.test_policy","mode":"managed","type":"aws_iam_role_policy","name":"test_policy","provider_name":"registry.terraform.io/hashicorp/aws","schema_version":0,"values":{"name":"test_policy","name_prefix":null,"policy":"{\"Version\":\"2012-10-17\",\"Statement\":[{\"Action\":[\"ec2:Assign*\"],\"Effect\":\"Allow\",\"Resource\":\"*\"}]}"},"sensitive_values":{}},{"address":"aws_iam_user.lb","mode":"managed","type":"aws_iam_user","name":"lb","provider_name":"registry.terraform.io/hashicorp/aws","schema_version":0,"values":{"force_destroy":false,"name":"loadbalancer","path":"/system/","permissions_boundary":null,"tags":null},"sensitive_values":{"tags_all":{}}},{"address":"aws_iam_user_policy.lb_ro","mode":"managed","type":"aws_iam_user_policy","name":"lb_ro","provider_name":"registry.terraform.io/hashicorp/aws","schema_version":0,"values":{"name":"test","name_prefix":null,"policy":"{\"Version\":\"2012-10-17\",\"Statement\":[{\"Action\":[\"ec2:Describe*\"],\"Effect\":\"Allow\",\"Resource\":\"*\"}]}","user":"loadbalancer"},"sensitive_values":{}}]}},"resource_changes":[{"address":"aws_iam_access_key.lb","mode":"managed","type":"aws_iam_access_key","name":"lb","provider_name":"registry.terraform.io/hashicorp/aws","change":{"actions":["create"],"before":null,"after":{"pgp_key":null,"status":"Active","user":"loadbalancer"},"after_unknown":{"create_date":true,"encrypted_secret":true,"encrypted_ses_smtp_password_v4":true,"id":true,"key_fingerprint":true,"secret":true,"ses_smtp_password_v4":true},"before_sensitive":false,"after_sensitive":{"secret":true,"ses_smtp_password_v4":true}}},{"address":"aws_iam_group.my_developers","mode":"managed","type":"aws_iam_group","name":"my_developers","provider_name":"registry.terraform.io/hashicorp/aws","change":{"actions":["create"],"before":null,"after":{"name":"developers","path":"/users/"},"after_unknown":{"arn":true,"id":true,"unique_id":true},"before_sensitive":false,"after_sensitive":{}}},{"address":"aws_iam_group_policy.my_developer_policy","mode":"managed","type":"aws_iam_group_policy","name":"my_developer_policy","provider_name":"registry.terraform.io/hashicorp/aws","change":{"actions":["create"],"before":null,"after":{"group":"developers","name":"my_developer_policy","name_prefix":null,"policy":"{\"Version\":\"2012-10-17\",\"Statement\":[{\"Action\":[\"ec2:Allocate*\"],\"Effect\":\"Allow\",\"Resource\":\"*\"}]}"},"after_unknown":{"id":true},"before_sensitive":false,"after_sensitive":{}}},{"address":"aws_iam_policy.policy","mode":"managed","type":"aws_iam_policy","name":"policy","provider_name":"registry.terraform.io/hashicorp/aws","change":{"actions":["create"],"before":null,"after":{"description":"My test policy","name":"test_policy","path":"/","policy":"{\"Statement\":[{\"Action\":[\"ec2:List*\"],\"Effect\":\"Allow\",\"Resource\":\"*\"}],\"Version\":\"2012-10-17\"}","tags":null},"after_unknown":{"arn":true,"id":true,"name_prefix":true,"policy_id":true,"tags_all":true},"before_sensitive":false,"after_sensitive":{"tags_all":{}}}},{"address":"aws_iam_role.example","mode":"managed","type":"aws_iam_role","name":"example","provider_name":"registry.terraform.io/hashicorp/aws","change":{"actions":["create"],"before":null,"after":{"assume_role_policy":"{\"Statement\":[{\"Action\":\"sts:AssumeRole\",\"Effect\":\"Allow\",\"Principal\":{\"Service\":\"ec2.amazonaws.com\"},\"Sid\":\"\"}],\"Version\":\"2012-10-17\"}","description":null,"force_detach_policies":false,"inline_policy":[{"name":"my_inline_policy","policy":"{\"Version\":\"2012-10-17\",\"Statement\":[{\"Action\":[\"ec2:Accept*\"],\"Effect\":\"Allow\",\"Resource\":\"*\"}]}"},{"name":"policy-8675309","policy":"{\"Version\":\"2012-10-17\",\"Statement\":[{\"Action\":\"ec2:Apply*\",\"Effect\":\"Allow\",\"Resource\":\"*\",\"Sid\":\"\"}]}"}],"max_session_duration":3600,"name":"yak_role","path":"/","permissions_boundary":null,"tags":null},"after_unknown":{"arn":true,"create_date":true,"id":true,"inline_policy":[{},{}],"managed_policy_arns":true,"name_prefix":true,"role_last_used":true,"tags_all":true,"unique_id":true},"before_sensitive":false,"after_sensitive":{"inline_policy":[{},{}],"managed_policy_arns":[],"role_last_used":[],"tags_all":{}}}},{"address":"aws_iam_role.test_role","mode":"managed","type":"aws_iam_role","name":"test_role","provider_name":"registry.terraform.io/hashicorp/aws","change":{"actions":["create"],"before":null,"after":{"assume_role_policy":"{\"Statement\":[{\"Action\":\"sts:AssumeRole\",\"Effect\":\"Allow\",\"Principal\":{\"Service\":\"ec2.amazonaws.com\"},\"Sid\":\"\"}],\"Version\":\"2012-10-17\"}","description":null,"force_detach_policies":false,"max_session_duration":3600,"name":"test_role","path":"/","permissions_boundary":null,"tags":null},"after_unknown":{"arn":true,"create_date":true,"id":true,"inline_policy":true,"managed_policy_arns":true,"name_prefix":true,"role_last_used":true,"tags_all":true,"unique_id":true},"before_sensitive":false,"after_sensitive":{"inline_policy":[],"managed_policy_arns":[],"role_last_used":[],"tags_all":{}}}},{"address":"aws_iam_role_policy.test_policy","mode":"managed","type":"aws_iam_role_policy","name":"test_policy","provider_name":"registry.terraform.io/hashicorp/aws","change":{"actions":["create"],"before":null,"after":{"name":"test_policy","name_prefix":null,"policy":"{\"Version\":\"2012-10-17\",\"Statement\":[{\"Action\":[\"ec2:Assign*\"],\"Effect\":\"Allow\",\"Resource\":\"*\"}]}"},"after_unknown":{"id":true,"role":true},"before_sensitive":false,"after_sensitive":{}}},{"address":"aws_iam_user.lb","mode":"managed","type":"aws_iam_user","name":"lb","provider_name":"registry.terraform.io/hashicorp/aws","change":{"actions":["create"],"before":null,"after":{"force_destroy":false,"name":"loadbalancer","path":"/system/","permissions_boundary":null,"tags":null},"after_unknown":{"arn":true,"id":true,"tags_all":true,"unique_id":true},"before_sensitive":false,"after_sensitive":{"tags_all":{}}}},{"address":"aws_iam_user_policy.lb_ro","mode":"managed","type":"aws_iam_user_policy","name":"lb_ro","provider_name":"registry.terraform.io/hashicorp/aws","change":{"actions":["create"],"before":null,"after":{"name":"test","name_prefix":null,"policy":"{\"Version\":\"2012-10-17\",\"Statement\":[{\"Action\":[\"ec2:Describe*\"],\"Effect\":\"Allow\",\"Resource\":\"*\"}]}","user":"loadbalancer"},"after_unknown":{"id":true},"before_sensitive":false,"after_sensitive":{}}}],"prior_state":{"format_version":"1.0","terraform_version":"1.5.7","values":{"root_module":{"resources":[{"address":"data.aws_iam_policy_document.inline_policy","mode":"data","type":"aws_iam_policy_document","name":"inline_policy","provider_name":"registry.terraform.io/hashicorp/aws","schema_version":0,"values":{"id":"2662099322","json":"{\n  \"Version\": \"2012-10-17\",\n  \"Statement\": [\n    {\n      \"Sid\": \"\",\n      \"Effect\": \"Allow\",\n      \"Action\": \"ec2:Apply*\",\n      \"Resource\": \"*\"\n    }\n  ]\n}","override_json":null,"override_policy_documents":null,"policy_id":null,"source_json":null,"source_policy_documents":null,"statement":[{"actions":["ec2:Apply*"],"condition":[],"effect":"Allow","not_actions":[],"not_principals":[],"not_resources":[],"principals":[],"resources":["*"],"sid":""}],"version":"2012-10-17"},"sensitive_values":{"statement":[{"actions":[false],"condition":[],"not_actions":[],"not_principals":[],"not_resources":[],"principals":[],"resources":[false]}]}},{"address":"data.aws_iam_policy_document.instance_assume_role_policy","mode":"data","type":"aws_iam_policy_document","name":"instance_assume_role_policy","provider_name":"registry.terraform.io/hashicorp/aws","schema_version":0,"values":{"id":"1903849331","json":"{\n  \"Version\": \"2012-10-17\",\n  \"Statement\": [\n    {\n      \"Sid\": \"\",\n      \"Effect\": \"Allow\",\n      \"Action\": \"sts:AssumeRole\",\n      \"Principal\": {\n        \"Service\": \"ec2.amazonaws.com\"\n      }\n    }\n  ]\n}","override_json":null,"override_policy_documents":null,"policy_id":null,"source_json":null,"source_policy_documents":null,"statement":[{"actions":["sts:AssumeRole"],"condition":[],"effect":"Allow","not_actions":[],"not_principals":[],"not_resources":[],"principals":[{"identifiers":["ec2.amazonaws.com"],"type":"Service"}],"resources":[],"sid":""}],"version":"2012-10-17"},"sensitive_values":{"statement":[{"actions":[false],"condition":[],"not_actions":[],"not_principals":[],"not_resources":[],"principals":[{"identifiers":[false]}],"resources":[]}]}}]}}},"configuration":{"provider_config":{"aws":{"name":"aws","full_name":"registry.terraform.io/hashicorp/aws","version_constraint":"~\u003e 4.0"}},"root_module":{"resources":[{"address":"aws_iam_access_key.lb","mode":"managed","type":"aws_iam_access_key","name":"lb","provider_config_key":"aws","expressions":{"user":{"references":["aws_iam_user.lb.name","aws_iam_user.lb"]}},"schema_version":0},{"address":"aws_iam_group.my_developers","mode":"managed","type":"aws_iam_group","name":"my_developers","provider_config_key":"aws","expressions":{"name":{"constant_value":"developers"},"path":{"constant_value":"/users/"}},"schema_version":0},{"address":"aws_iam_group_policy.my_developer_policy","mode":"managed","type":"aws_iam_group_policy","name":"my_developer_policy","provider_config_key":"aws","expressions":{"group":{"references":["aws_iam_group.my_developers.name","aws_iam_group.my_developers"]},"name":{"constant_value":"my_developer_policy"},"policy":{}},"schema_version":0},{"address":"aws_iam_policy.policy","mode":"managed","type":"aws_iam_policy","name":"policy","provider_config_key":"aws","expressions":{"description":{"constant_value":"My test policy"},"name":{"constant_value":"test_policy"},"path":{"constant_value":"/"},"policy":{}},"schema_version":0},{"address":"aws_iam_role.example","mode":"managed","type":"aws_iam_role","name":"example","provider_config_key":"aws","expressions":{"assume_role_policy":{"references":["data.aws_iam_policy_document.instance_assume_role_policy.json","data.aws_iam_policy_document.instance_assume_role_policy"]},"inline_policy":[{"name":{"constant_value":"my_inline_policy"},"policy":{}},{"name":{"constant_value":"policy-8675309"},"policy":{"references":["data.aws_iam_policy_document.inline_policy.json","data.aws_iam_policy_document.inline_policy"]}}],"name":{"constant_value":"yak_role"}},"schema_version":0},{"address":"aws_iam_role.test_role","mode":"managed","type":"aws_iam_role","name":"test_role","provider_config_key":"aws","expressions":{"assume_role_policy":{"references":["data.aws_iam_policy_document.instance_assume_role_policy.json","data.aws_iam_policy_document.instance_assume_role_policy"]},"name":{"constant_value":"test_role"}},"schema_version":0},{"address":"aws_iam_role_policy.test_policy","mode":"managed","type":"aws_iam_role_policy","name":"test_policy","provider_config_key":"aws","expressions":{"name":{"constant_value":"test_policy"},"policy":{},"role":{"references":["aws_iam_role.test_role.id","aws_iam_role.test_role"]}},"schema_version":0},{"address":"aws_iam_user.lb","mode":"managed","type":"aws_iam_user","name":"lb","provider_config_key":"aws","expressions":{"name":{"constant_value":"loadbalancer"},"path":{"constant_value":"/system/"}},"schema_version":0},{"address":"aws_iam_user_policy.lb_ro","mode":"managed","type":"aws_iam_user_policy","name":"lb_ro","provider_config_key":"aws","expressions":{"name":{"constant_value":"test"},"policy":{},"user":{"references":["aws_iam_user.lb.name","aws_iam_user.lb"]}},"schema_version":0},{"address":"data.aws_iam_policy_document.inline_policy","mode":"data","type":"aws_iam_policy_document","name":"inline_policy","provider_config_key":"aws","expressions":{"statement":[{"actions":{"constant_value":["ec2:Apply*"]},"resources":{"constant_value":["*"]}}]},"schema_version":0},{"address":"data.aws_iam_policy_document.instance_assume_role_policy","mode":"data","type":"aws_iam_policy_document","name":"instance_assume_role_policy","provider_config_key":"aws","expressions":{"statement":[{"actions":{"constant_value":["sts:AssumeRole"]},"principals":[{"identifiers":{"constant_value":["ec2.amazonaws.com"]},"type":{"constant_value":"Service"}}]}]},"schema_version":0}]}},"relevant_attributes":[{"resource":"aws_iam_group.my_developers","attribute":["name"]},{"resource":"aws_iam_user.lb","attribute":["name"]},{"resource":"data.aws_iam_policy_document.instance_assume_role_policy","attribute":["json"]},{"resource":"data.aws_iam_policy_document.inline_policy","attribute":["json"]},{"resource":"aws_iam_role.test_role","attribute":["id"]}],"timestamp":"2023-11-07T23:42:52Z"}
