{"format_version":"1.2","terraform_version":"1.8.3","planned_values":{"root_module":{"resources":[{"address":"aws_iam_role.test_role","mode":"managed","type":"aws_iam_role","name":"test_role","provider_name":"registry.terraform.io/hashicorp/aws","schema_version":0,"values":{"assume_role_policy":"{\"Statement\":[{\"Action\":\"sts:AssumeRole\",\"Effect\":\"Allow\",\"Principal\":{\"AWS\":\"*\"},\"Sid\":\"\"}],\"Version\":\"2012-10-17\"}","description":null,"force_detach_policies":false,"max_session_duration":3600,"name":"test_role","path":"/","permissions_boundary":null,"tags":{"tag-key":"tag-value"},"tags_all":{"tag-key":"tag-value"}},"sensitive_values":{"inline_policy":[],"managed_policy_arns":[],"role_last_used":[],"tags":{},"tags_all":{}}},{"address":"aws_opensearch_domain.example","mode":"managed","type":"aws_opensearch_domain","name":"example","provider_name":"registry.terraform.io/hashicorp/aws","schema_version":0,"values":{"cognito_options":[],"domain_name":"tf-test","engine_version":"OpenSearch_1.1","log_publishing_options":[],"snapshot_options":[],"tags":null,"timeouts":null,"vpc_options":[]},"sensitive_values":{"advanced_options":{},"advanced_security_options":[],"auto_tune_options":[],"cluster_config":[],"cognito_options":[],"domain_endpoint_options":[],"ebs_options":[],"encrypt_at_rest":[],"log_publishing_options":[],"node_to_node_encryption":[],"snapshot_options":[],"tags_all":{},"vpc_options":[]}},{"address":"aws_opensearch_domain_policy.main","mode":"managed","type":"aws_opensearch_domain_policy","name":"main","provider_name":"registry.terraform.io/hashicorp/aws","schema_version":0,"values":{"access_policies":"{\"Statement\":[{\"Action\":\"es:*\",\"Effect\":\"Allow\",\"Principal\":\"*\",\"Resource\":\"*\",\"Sid\":\"\"}],\"Version\":\"2012-10-17\"}","domain_name":"tf-test","timeouts":null},"sensitive_values":{}},{"address":"aws_s3_bucket.example","mode":"managed","type":"aws_s3_bucket","name":"example","provider_name":"registry.terraform.io/hashicorp/aws","schema_version":0,"values":{"bucket":"my-tf-test-bucket","force_destroy":false,"tags":null,"timeouts":null},"sensitive_values":{"cors_rule":[],"grant":[],"lifecycle_rule":[],"logging":[],"object_lock_configuration":[],"replication_configuration":[],"server_side_encryption_configuration":[],"tags_all":{},"versioning":[],"website":[]}},{"address":"aws_s3_bucket.private_bucket","mode":"managed","type":"aws_s3_bucket","name":"private_bucket","provider_name":"registry.terraform.io/hashicorp/aws","schema_version":0,"values":{"bucket":"my-private-test-bucket","force_destroy":false,"tags":null,"timeouts":null},"sensitive_values":{"cors_rule":[],"grant":[],"lifecycle_rule":[],"logging":[],"object_lock_configuration":[],"replication_configuration":[],"server_side_encryption_configuration":[],"tags_all":{},"versioning":[],"website":[]}},{"address":"aws_s3_bucket_policy.allow_public_access","mode":"managed","type":"aws_s3_bucket_policy","name":"allow_public_access","provider_name":"registry.terraform.io/hashicorp/aws","schema_version":0,"values":{"bucket":"my-tf-test-bucket","policy":"{\"Statement\":[{\"Action\":[\"s3:ListBucket\",\"s3:GetObject\"],\"Effect\":\"Allow\",\"Principal\":{\"AWS\":\"*\"},\"Resource\":\"arn:aws:s3:::my-tf-test-bucket\",\"Sid\":\"\"}],\"Version\":\"2012-10-17\"}"},"sensitive_values":{}},{"address":"aws_s3_bucket_policy.no_public_access_bucket","mode":"managed","type":"aws_s3_bucket_policy","name":"no_public_access_bucket","provider_name":"registry.terraform.io/hashicorp/aws","schema_version":0,"values":{"bucket":"my-private-test-bucket","policy":"{\"Statement\":[{\"Action\":[\"s3:ListBucket\",\"s3:GetObject\"],\"Effect\":\"Allow\",\"Principal\":{\"AWS\":\"123456789012\"},\"Resource\":\"arn:aws:s3:::my-private-test-bucket\",\"Sid\":\"\"}],\"Version\":\"2012-10-17\"}"},"sensitive_values":{}},{"address":"aws_sns_topic.test","mode":"managed","type":"aws_sns_topic","name":"test","provider_name":"registry.terraform.io/hashicorp/aws","schema_version":0,"values":{"application_failure_feedback_role_arn":null,"application_success_feedback_role_arn":null,"application_success_feedback_sample_rate":null,"content_based_deduplication":false,"delivery_policy":null,"display_name":null,"fifo_topic":false,"firehose_failure_feedback_role_arn":null,"firehose_success_feedback_role_arn":null,"firehose_success_feedback_sample_rate":null,"http_failure_feedback_role_arn":null,"http_success_feedback_role_arn":null,"http_success_feedback_sample_rate":null,"kms_master_key_id":null,"lambda_failure_feedback_role_arn":null,"lambda_success_feedback_role_arn":null,"lambda_success_feedback_sample_rate":null,"name":"my-topic-with-policy","sqs_failure_feedback_role_arn":null,"sqs_success_feedback_role_arn":null,"sqs_success_feedback_sample_rate":null,"tags":null},"sensitive_values":{"tags_all":{}}},{"address":"aws_sns_topic_policy.default","mode":"managed","type":"aws_sns_topic_policy","name":"default","provider_name":"registry.terraform.io/hashicorp/aws","schema_version":0,"values":{"arn":"arn:aws:sns:us-east-2:123456789012:my-topic-with-policy","policy":"{\"Id\":\"__default_policy_ID\",\"Statement\":[{\"Action\":[\"SNS:Subscribe\",\"SNS:SetTopicAttributes\",\"SNS:RemovePermission\",\"SNS:Receive\",\"SNS:Publish\",\"SNS:ListSubscriptionsByTopic\",\"SNS:GetTopicAttributes\",\"SNS:DeleteTopic\",\"SNS:AddPermission\"],\"Effect\":\"Allow\",\"Principal\":{\"AWS\":\"*\"},\"Resource\":\"arn:aws:sns:us-east-2:123456789012:my-topic-with-policy\",\"Sid\":\"__default_statement_ID\"}],\"Version\":\"2012-10-17\"}"},"sensitive_values":{}}]}},"resource_changes":[{"address":"aws_iam_role.test_role","mode":"managed","type":"aws_iam_role","name":"test_role","provider_name":"registry.terraform.io/hashicorp/aws","change":{"actions":["create"],"before":null,"after":{"assume_role_policy":"{\"Statement\":[{\"Action\":\"sts:AssumeRole\",\"Effect\":\"Allow\",\"Principal\":{\"AWS\":\"*\"},\"Sid\":\"\"}],\"Version\":\"2012-10-17\"}","description":null,"force_detach_policies":false,"max_session_duration":3600,"name":"test_role","path":"/","permissions_boundary":null,"tags":{"tag-key":"tag-value"},"tags_all":{"tag-key":"tag-value"}},"after_unknown":{"arn":true,"create_date":true,"id":true,"inline_policy":true,"managed_policy_arns":true,"name_prefix":true,"role_last_used":true,"tags":{},"tags_all":{},"unique_id":true},"before_sensitive":false,"after_sensitive":{"inline_policy":[],"managed_policy_arns":[],"role_last_used":[],"tags":{},"tags_all":{}}}},{"address":"aws_opensearch_domain.example","mode":"managed","type":"aws_opensearch_domain","name":"example","provider_name":"registry.terraform.io/hashicorp/aws","change":{"actions":["create"],"before":null,"after":{"cognito_options":[],"domain_name":"tf-test","engine_version":"OpenSearch_1.1","log_publishing_options":[],"snapshot_options":[],"tags":null,"timeouts":null,"vpc_options":[]},"after_unknown":{"access_policies":true,"advanced_options":true,"advanced_security_options":true,"arn":true,"auto_tune_options":true,"cluster_config":true,"cognito_options":[],"dashboard_endpoint":true,"domain_endpoint_options":true,"domain_id":true,"ebs_options":true,"encrypt_at_rest":true,"endpoint":true,"id":true,"kibana_endpoint":true,"log_publishing_options":[],"node_to_node_encryption":true,"snapshot_options":[],"tags_all":true,"vpc_options":[]},"before_sensitive":false,"after_sensitive":{"advanced_options":{},"advanced_security_options":[],"auto_tune_options":[],"cluster_config":[],"cognito_options":[],"domain_endpoint_options":[],"ebs_options":[],"encrypt_at_rest":[],"log_publishing_options":[],"node_to_node_encryption":[],"snapshot_options":[],"tags_all":{},"vpc_options":[]}}},{"address":"aws_opensearch_domain_policy.main","mode":"managed","type":"aws_opensearch_domain_policy","name":"main","provider_name":"registry.terraform.io/hashicorp/aws","change":{"actions":["create"],"before":null,"after":{"access_policies":"{\"Statement\":[{\"Action\":\"es:*\",\"Effect\":\"Allow\",\"Principal\":\"*\",\"Resource\":\"*\",\"Sid\":\"\"}],\"Version\":\"2012-10-17\"}","domain_name":"tf-test","timeouts":null},"after_unknown":{"id":true},"before_sensitive":false,"after_sensitive":{}}},{"address":"aws_s3_bucket.example","mode":"managed","type":"aws_s3_bucket","name":"example","provider_name":"registry.terraform.io/hashicorp/aws","change":{"actions":["create"],"before":null,"after":{"bucket":"my-tf-test-bucket","force_destroy":false,"tags":null,"timeouts":null},"after_unknown":{"acceleration_status":true,"acl":true,"arn":true,"bucket_domain_name":true,"bucket_prefix":true,"bucket_regional_domain_name":true,"cors_rule":true,"grant":true,"hosted_zone_id":true,"id":true,"lifecycle_rule":true,"logging":true,"object_lock_configuration":true,"object_lock_enabled":true,"policy":true,"region":true,"replication_configuration":true,"request_payer":true,"server_side_encryption_configuration":true,"tags_all":true,"versioning":true,"website":true,"website_domain":true,"website_endpoint":true},"before_sensitive":false,"after_sensitive":{"cors_rule":[],"grant":[],"lifecycle_rule":[],"logging":[],"object_lock_configuration":[],"replication_configuration":[],"server_side_encryption_configuration":[],"tags_all":{},"versioning":[],"website":[]}}},{"address":"aws_s3_bucket.private_bucket","mode":"managed","type":"aws_s3_bucket","name":"private_bucket","provider_name":"registry.terraform.io/hashicorp/aws","change":{"actions":["create"],"before":null,"after":{"bucket":"my-private-test-bucket","force_destroy":false,"tags":null,"timeouts":null},"after_unknown":{"acceleration_status":true,"acl":true,"arn":true,"bucket_domain_name":true,"bucket_prefix":true,"bucket_regional_domain_name":true,"cors_rule":true,"grant":true,"hosted_zone_id":true,"id":true,"lifecycle_rule":true,"logging":true,"object_lock_configuration":true,"object_lock_enabled":true,"policy":true,"region":true,"replication_configuration":true,"request_payer":true,"server_side_encryption_configuration":true,"tags_all":true,"versioning":true,"website":true,"website_domain":true,"website_endpoint":true},"before_sensitive":false,"after_sensitive":{"cors_rule":[],"grant":[],"lifecycle_rule":[],"logging":[],"object_lock_configuration":[],"replication_configuration":[],"server_side_encryption_configuration":[],"tags_all":{},"versioning":[],"website":[]}}},{"address":"aws_s3_bucket_policy.allow_public_access","mode":"managed","type":"aws_s3_bucket_policy","name":"allow_public_access","provider_name":"registry.terraform.io/hashicorp/aws","change":{"actions":["create"],"before":null,"after":{"bucket":"my-tf-test-bucket","policy":"{\"Statement\":[{\"Action\":[\"s3:ListBucket\",\"s3:GetObject\"],\"Effect\":\"Allow\",\"Principal\":{\"AWS\":\"*\"},\"Resource\":\"arn:aws:s3:::my-tf-test-bucket\",\"Sid\":\"\"}],\"Version\":\"2012-10-17\"}"},"after_unknown":{"id":true},"before_sensitive":false,"after_sensitive":{}}},{"address":"aws_s3_bucket_policy.no_public_access_bucket","mode":"managed","type":"aws_s3_bucket_policy","name":"no_public_access_bucket","provider_name":"registry.terraform.io/hashicorp/aws","change":{"actions":["create"],"before":null,"after":{"bucket":"my-private-test-bucket","policy":"{\"Statement\":[{\"Action\":[\"s3:ListBucket\",\"s3:GetObject\"],\"Effect\":\"Allow\",\"Principal\":{\"AWS\":\"123456789012\"},\"Resource\":\"arn:aws:s3:::my-private-test-bucket\",\"Sid\":\"\"}],\"Version\":\"2012-10-17\"}"},"after_unknown":{"id":true},"before_sensitive":false,"after_sensitive":{}}},{"address":"aws_sns_topic.test","mode":"managed","type":"aws_sns_topic","name":"test","provider_name":"registry.terraform.io/hashicorp/aws","change":{"actions":["create"],"before":null,"after":{"application_failure_feedback_role_arn":null,"application_success_feedback_role_arn":null,"application_success_feedback_sample_rate":null,"content_based_deduplication":false,"delivery_policy":null,"display_name":null,"fifo_topic":false,"firehose_failure_feedback_role_arn":null,"firehose_success_feedback_role_arn":null,"firehose_success_feedback_sample_rate":null,"http_failure_feedback_role_arn":null,"http_success_feedback_role_arn":null,"http_success_feedback_sample_rate":null,"kms_master_key_id":null,"lambda_failure_feedback_role_arn":null,"lambda_success_feedback_role_arn":null,"lambda_success_feedback_sample_rate":null,"name":"my-topic-with-policy","sqs_failure_feedback_role_arn":null,"sqs_success_feedback_role_arn":null,"sqs_success_feedback_sample_rate":null,"tags":null},"after_unknown":{"arn":true,"id":true,"name_prefix":true,"owner":true,"policy":true,"signature_version":true,"tags_all":true,"tracing_config":true},"before_sensitive":false,"after_sensitive":{"tags_all":{}}}},{"address":"aws_sns_topic_policy.default","mode":"managed","type":"aws_sns_topic_policy","name":"default","provider_name":"registry.terraform.io/hashicorp/aws","change":{"actions":["create"],"before":null,"after":{"arn":"arn:aws:sns:us-east-2:123456789012:my-topic-with-policy","policy":"{\"Id\":\"__default_policy_ID\",\"Statement\":[{\"Action\":[\"SNS:Subscribe\",\"SNS:SetTopicAttributes\",\"SNS:RemovePermission\",\"SNS:Receive\",\"SNS:Publish\",\"SNS:ListSubscriptionsByTopic\",\"SNS:GetTopicAttributes\",\"SNS:DeleteTopic\",\"SNS:AddPermission\"],\"Effect\":\"Allow\",\"Principal\":{\"AWS\":\"*\"},\"Resource\":\"arn:aws:sns:us-east-2:123456789012:my-topic-with-policy\",\"Sid\":\"__default_statement_ID\"}],\"Version\":\"2012-10-17\"}"},"after_unknown":{"id":true,"owner":true},"before_sensitive":false,"after_sensitive":{}}}],"prior_state":{"format_version":"1.0","terraform_version":"1.8.3","values":{"root_module":{"resources":[{"address":"data.aws_iam_policy_document.allow_access_from_another_account","mode":"data","type":"aws_iam_policy_document","name":"allow_access_from_another_account","provider_name":"registry.terraform.io/hashicorp/aws","schema_version":0,"values":{"id":"3168745958","json":"{\n  \"Version\": \"2012-10-17\",\n  \"Statement\": [\n    {\n      \"Sid\": \"\",\n      \"Effect\": \"Allow\",\n      \"Action\": [\n        \"s3:ListBucket\",\n        \"s3:GetObject\"\n      ],\n      \"Resource\": \"arn:aws:s3:::my-tf-test-bucket\",\n      \"Principal\": {\n        \"AWS\": \"*\"\n      }\n    }\n  ]\n}","override_json":null,"override_policy_documents":null,"policy_id":null,"source_json":null,"source_policy_documents":null,"statement":[{"actions":["s3:GetObject","s3:ListBucket"],"condition":[],"effect":"Allow","not_actions":[],"not_principals":[],"not_resources":[],"principals":[{"identifiers":["*"],"type":"AWS"}],"resources":["arn:aws:s3:::my-tf-test-bucket"],"sid":""}],"version":"2012-10-17"},"sensitive_values":{"statement":[{"actions":[false,false],"condition":[],"not_actions":[],"not_principals":[],"not_resources":[],"principals":[{"identifiers":[false]}],"resources":[false]}]}},{"address":"data.aws_iam_policy_document.no_public_access_bucket_policy","mode":"data","type":"aws_iam_policy_document","name":"no_public_access_bucket_policy","provider_name":"registry.terraform.io/hashicorp/aws","schema_version":0,"values":{"id":"2713869338","json":"{\n  \"Version\": \"2012-10-17\",\n  \"Statement\": [\n    {\n      \"Sid\": \"\",\n      \"Effect\": \"Allow\",\n      \"Action\": [\n        \"s3:ListBucket\",\n        \"s3:GetObject\"\n      ],\n      \"Resource\": \"arn:aws:s3:::my-private-test-bucket\",\n      \"Principal\": {\n        \"AWS\": \"123456789012\"\n      }\n    }\n  ]\n}","override_json":null,"override_policy_documents":null,"policy_id":null,"source_json":null,"source_policy_documents":null,"statement":[{"actions":["s3:GetObject","s3:ListBucket"],"condition":[],"effect":"Allow","not_actions":[],"not_principals":[],"not_resources":[],"principals":[{"identifiers":["123456789012"],"type":"AWS"}],"resources":["arn:aws:s3:::my-private-test-bucket"],"sid":""}],"version":"2012-10-17"},"sensitive_values":{"statement":[{"actions":[false,false],"condition":[],"not_actions":[],"not_principals":[],"not_resources":[],"principals":[{"identifiers":[false]}],"resources":[false]}]}},{"address":"data.aws_iam_policy_document.opensearch","mode":"data","type":"aws_iam_policy_document","name":"opensearch","provider_name":"registry.terraform.io/hashicorp/aws","schema_version":0,"values":{"id":"1905368581","json":"{\n  \"Version\": \"2012-10-17\",\n  \"Statement\": [\n    {\n      \"Sid\": \"\",\n      \"Effect\": \"Allow\",\n      \"Action\": \"es:*\",\n      \"Resource\": \"*\",\n      \"Principal\": \"*\"\n    }\n  ]\n}","override_json":null,"override_policy_documents":null,"policy_id":null,"source_json":null,"source_policy_documents":null,"statement":[{"actions":["es:*"],"condition":[],"effect":"Allow","not_actions":[],"not_principals":[],"not_resources":[],"principals":[{"identifiers":["*"],"type":"*"}],"resources":["*"],"sid":""}],"version":"2012-10-17"},"sensitive_values":{"statement":[{"actions":[false],"condition":[],"not_actions":[],"not_principals":[],"not_resources":[],"principals":[{"identifiers":[false]}],"resources":[false]}]}},{"address":"data.aws_iam_policy_document.sns_topic_policy","mode":"data","type":"aws_iam_policy_document","name":"sns_topic_policy","provider_name":"registry.terraform.io/hashicorp/aws","schema_version":0,"values":{"id":"2851689130","json":"{\n  \"Version\": \"2012-10-17\",\n  \"Id\": \"__default_policy_ID\",\n  \"Statement\": [\n    {\n      \"Sid\": \"__default_statement_ID\",\n      \"Effect\": \"Allow\",\n      \"Action\": [\n        \"SNS:Subscribe\",\n        \"SNS:SetTopicAttributes\",\n        \"SNS:RemovePermission\",\n        \"SNS:Receive\",\n        \"SNS:Publish\",\n        \"SNS:ListSubscriptionsByTopic\",\n        \"SNS:GetTopicAttributes\",\n        \"SNS:DeleteTopic\",\n        \"SNS:AddPermission\"\n      ],\n      \"Resource\": \"arn:aws:sns:us-east-2:123456789012:my-topic-with-policy\",\n      \"Principal\": {\n        \"AWS\": \"*\"\n      }\n    }\n  ]\n}","override_json":null,"override_policy_documents":null,"policy_id":"__default_policy_ID","source_json":null,"source_policy_documents":null,"statement":[{"actions":["SNS:AddPermission","SNS:DeleteTopic","SNS:GetTopicAttributes","SNS:ListSubscriptionsByTopic","SNS:Publish","SNS:Receive","SNS:RemovePermission","SNS:SetTopicAttributes","SNS:Subscribe"],"condition":[],"effect":"Allow","not_actions":[],"not_principals":[],"not_resources":[],"principals":[{"identifiers":["*"],"type":"AWS"}],"resources":["arn:aws:sns:us-east-2:123456789012:my-topic-with-policy"],"sid":"__default_statement_ID"}],"version":"2012-10-17"},"sensitive_values":{"statement":[{"actions":[false,false,false,false,false,false,false,false,false],"condition":[],"not_actions":[],"not_principals":[],"not_resources":[],"principals":[{"identifiers":[false]}],"resources":[false]}]}}]}}},"configuration":{"provider_config":{"aws":{"name":"aws","full_name":"registry.terraform.io/hashicorp/aws","version_constraint":"~\u003e 4.0","expressions":{"region":{"constant_value":"us-east-1"}}}},"root_module":{"resources":[{"address":"aws_iam_role.test_role","mode":"managed","type":"aws_iam_role","name":"test_role","provider_config_key":"aws","expressions":{"assume_role_policy":{},"name":{"constant_value":"test_role"},"tags":{"constant_value":{"tag-key":"tag-value"}}},"schema_version":0},{"address":"aws_opensearch_domain.example","mode":"managed","type":"aws_opensearch_domain","name":"example","provider_config_key":"aws","expressions":{"domain_name":{"constant_value":"tf-test"},"engine_version":{"constant_value":"OpenSearch_1.1"}},"schema_version":0},{"address":"aws_opensearch_domain_policy.main","mode":"managed","type":"aws_opensearch_domain_policy","name":"main","provider_config_key":"aws","expressions":{"access_policies":{"references":["data.aws_iam_policy_document.opensearch.json","data.aws_iam_policy_document.opensearch"]},"domain_name":{"references":["aws_opensearch_domain.example.domain_name","aws_opensearch_domain.example"]}},"schema_version":0},{"address":"aws_s3_bucket.example","mode":"managed","type":"aws_s3_bucket","name":"example","provider_config_key":"aws","expressions":{"bucket":{"constant_value":"my-tf-test-bucket"}},"schema_version":0},{"address":"aws_s3_bucket.private_bucket","mode":"managed","type":"aws_s3_bucket","name":"private_bucket","provider_config_key":"aws","expressions":{"bucket":{"constant_value":"my-private-test-bucket"}},"schema_version":0},{"address":"aws_s3_bucket_policy.allow_public_access","mode":"managed","type":"aws_s3_bucket_policy","name":"allow_public_access","provider_config_key":"aws","expressions":{"bucket":{"constant_value":"my-tf-test-bucket"},"policy":{"references":["data.aws_iam_policy_document.allow_access_from_another_account.json","data.aws_iam_policy_document.allow_access_from_another_account"]}},"schema_version":0},{"address":"aws_s3_bucket_policy.no_public_access_bucket","mode":"managed","type":"aws_s3_bucket_policy","name":"no_public_access_bucket","provider_config_key":"aws","expressions":{"bucket":{"constant_value":"my-private-test-bucket"},"policy":{"references":["data.aws_iam_policy_document.no_public_access_bucket_policy.json","data.aws_iam_policy_document.no_public_access_bucket_policy"]}},"schema_version":0},{"address":"aws_sns_topic.test","mode":"managed","type":"aws_sns_topic","name":"test","provider_config_key":"aws","expressions":{"name":{"constant_value":"my-topic-with-policy"}},"schema_version":0},{"address":"aws_sns_topic_policy.default","mode":"managed","type":"aws_sns_topic_policy","name":"default","provider_config_key":"aws","expressions":{"arn":{"constant_value":"arn:aws:sns:us-east-2:123456789012:my-topic-with-policy"},"policy":{"references":["data.aws_iam_policy_document.sns_topic_policy.json","data.aws_iam_policy_document.sns_topic_policy"]}},"schema_version":0},{"address":"data.aws_iam_policy_document.allow_access_from_another_account","mode":"data","type":"aws_iam_policy_document","name":"allow_access_from_another_account","provider_config_key":"aws","expressions":{"statement":[{"actions":{"constant_value":["s3:GetObject","s3:ListBucket"]},"principals":[{"identifiers":{"constant_value":["*"]},"type":{"constant_value":"AWS"}}],"resources":{"constant_value":["arn:aws:s3:::my-tf-test-bucket"]}}]},"schema_version":0},{"address":"data.aws_iam_policy_document.no_public_access_bucket_policy","mode":"data","type":"aws_iam_policy_document","name":"no_public_access_bucket_policy","provider_config_key":"aws","expressions":{"statement":[{"actions":{"constant_value":["s3:GetObject","s3:ListBucket"]},"principals":[{"identifiers":{"constant_value":["123456789012"]},"type":{"constant_value":"AWS"}}],"resources":{"constant_value":["arn:aws:s3:::my-private-test-bucket"]}}]},"schema_version":0},{"address":"data.aws_iam_policy_document.opensearch","mode":"data","type":"aws_iam_policy_document","name":"opensearch","provider_config_key":"aws","expressions":{"statement":[{"actions":{"constant_value":["es:*"]},"effect":{"constant_value":"Allow"},"principals":[{"identifiers":{"constant_value":["*"]},"type":{"constant_value":"*"}}],"resources":{"constant_value":["*"]}}]},"schema_version":0},{"address":"data.aws_iam_policy_document.sns_topic_policy","mode":"data","type":"aws_iam_policy_document","name":"sns_topic_policy","provider_config_key":"aws","expressions":{"policy_id":{"constant_value":"__default_policy_ID"},"statement":[{"actions":{"constant_value":["SNS:Subscribe","SNS:SetTopicAttributes","SNS:RemovePermission","SNS:Receive","SNS:Publish","SNS:ListSubscriptionsByTopic","SNS:GetTopicAttributes","SNS:DeleteTopic","SNS:AddPermission"]},"effect":{"constant_value":"Allow"},"principals":[{"identifiers":{"constant_value":["*"]},"type":{"constant_value":"AWS"}}],"resources":{"constant_value":["arn:aws:sns:us-east-2:123456789012:my-topic-with-policy"]},"sid":{"constant_value":"__default_statement_ID"}}]},"schema_version":0}]}},"relevant_attributes":[{"resource":"aws_opensearch_domain.example","attribute":["domain_name"]},{"resource":"data.aws_iam_policy_document.allow_access_from_another_account","attribute":["json"]},{"resource":"data.aws_iam_policy_document.sns_topic_policy","attribute":["json"]},{"resource":"data.aws_iam_policy_document.no_public_access_bucket_policy","attribute":["json"]},{"resource":"data.aws_iam_policy_document.opensearch","attribute":["json"]}],"timestamp":"2024-05-13T19:34:36Z","applyable":true,"complete":true,"errored":false}
