{"format_version":"1.2","terraform_version":"1.5.7","planned_values":{"root_module":{"resources":[{"address":"aws_iam_policy.demo_policy","mode":"managed","type":"aws_iam_policy","name":"demo_policy","provider_name":"registry.terraform.io/hashicorp/aws","schema_version":0,"values":{"description":"This is a demo policy","name":"demo-policy","path":"/","policy":"{\"Statement\":[{\"Action\":\"iam:PassRole\",\"Condition\":{\"StringEquals\":{\"iam:PassedToService\":\"lambda.amazonaws.com\"}},\"Effect\":\"Allow\",\"Resource\":\"arn:aws:iam::123456789012:role/topping-*\",\"Sid\":\"PassExecutionRole\"},{\"Action\":[\"lambda:ListFunctions\",\"lambda:ListEventSourceMappings\",\"lambda:GetAccountSettings\",\"iam:ListRoles\"],\"Effect\":\"Allow\",\"Resource\":\"*\",\"Sid\":\"ReadOnlyPermissions\"},{\"Action\":[\"lambda:invokeFunction\",\"lambda:UpdateFunctionCode\",\"lambda:ListVersionsByFunction\",\"lambda:ListTags\",\"lambda:ListProvisionedConcurrencyConfigs\",\"lambda:ListAliases\",\"lambda:GetPolicy\",\"lambda:GetFunctionEventInvokeConfig\",\"lambda:GetFunctionCodeSigningConfig\",\"lambda:GetFunction\",\"lambda:CreateFunction\"],\"Effect\":\"Allow\",\"Resource\":\"arn:aws:lambda:us-east-1:123456789012:function:pizza-*\",\"Sid\":\"ViewAndConfigureFunctions\"}],\"Version\":\"2012-10-17\"}","tags":null},"sensitive_values":{"tags_all":{}}}]}},"resource_changes":[{"address":"aws_iam_policy.demo_policy","mode":"managed","type":"aws_iam_policy","name":"demo_policy","provider_name":"registry.terraform.io/hashicorp/aws","change":{"actions":["create"],"before":null,"after":{"description":"This is a demo policy","name":"demo-policy","path":"/","policy":"{\"Statement\":[{\"Action\":\"iam:PassRole\",\"Condition\":{\"StringEquals\":{\"iam:PassedToService\":\"lambda.amazonaws.com\"}},\"Effect\":\"Allow\",\"Resource\":\"arn:aws:iam::123456789012:role/topping-*\",\"Sid\":\"PassExecutionRole\"},{\"Action\":[\"lambda:ListFunctions\",\"lambda:ListEventSourceMappings\",\"lambda:GetAccountSettings\",\"iam:ListRoles\"],\"Effect\":\"Allow\",\"Resource\":\"*\",\"Sid\":\"ReadOnlyPermissions\"},{\"Action\":[\"lambda:invokeFunction\",\"lambda:UpdateFunctionCode\",\"lambda:ListVersionsByFunction\",\"lambda:ListTags\",\"lambda:ListProvisionedConcurrencyConfigs\",\"lambda:ListAliases\",\"lambda:GetPolicy\",\"lambda:GetFunctionEventInvokeConfig\",\"lambda:GetFunctionCodeSigningConfig\",\"lambda:GetFunction\",\"lambda:CreateFunction\"],\"Effect\":\"Allow\",\"Resource\":\"arn:aws:lambda:us-east-1:123456789012:function:pizza-*\",\"Sid\":\"ViewAndConfigureFunctions\"}],\"Version\":\"2012-10-17\"}","tags":null},"after_unknown":{"arn":true,"id":true,"name_prefix":true,"policy_id":true,"tags_all":true},"before_sensitive":false,"after_sensitive":{"tags_all":{}}}}],"prior_state":{"format_version":"1.0","terraform_version":"1.5.7","values":{"root_module":{"resources":[{"address":"data.aws_iam_policy_document.demo_policy","mode":"data","type":"aws_iam_policy_document","name":"demo_policy","provider_name":"registry.terraform.io/hashicorp/aws","schema_version":0,"values":{"id":"1993420229","json":"{\n  \"Version\": \"2012-10-17\",\n  \"Statement\": [\n    {\n      \"Sid\": \"PassExecutionRole\",\n      \"Effect\": \"Allow\",\n      \"Action\": \"iam:PassRole\",\n      \"Resource\": \"arn:aws:iam::123456789012:role/topping-*\",\n      \"Condition\": {\n        \"StringEquals\": {\n          \"iam:PassedToService\": \"lambda.amazonaws.com\"\n        }\n      }\n    },\n    {\n      \"Sid\": \"ReadOnlyPermissions\",\n      \"Effect\": \"Allow\",\n      \"Action\": [\n        \"lambda:ListFunctions\",\n        \"lambda:ListEventSourceMappings\",\n        \"lambda:GetAccountSettings\",\n        \"iam:ListRoles\"\n      ],\n      \"Resource\": \"*\"\n    },\n    {\n      \"Sid\": \"ViewAndConfigureFunctions\",\n      \"Effect\": \"Allow\",\n      \"Action\": [\n        \"lambda:invokeFunction\",\n        \"lambda:UpdateFunctionCode\",\n        \"lambda:ListVersionsByFunction\",\n        \"lambda:ListTags\",\n        \"lambda:ListProvisionedConcurrencyConfigs\",\n        \"lambda:ListAliases\",\n        \"lambda:GetPolicy\",\n        \"lambda:GetFunctionEventInvokeConfig\",\n        \"lambda:GetFunctionCodeSigningConfig\",\n        \"lambda:GetFunction\",\n        \"lambda:CreateFunction\"\n      ],\n      \"Resource\": \"arn:aws:lambda:us-east-1:123456789012:function:pizza-*\"\n    }\n  ]\n}","override_json":null,"override_policy_documents":null,"policy_id":null,"source_json":null,"source_policy_documents":null,"statement":[{"actions":["iam:PassRole"],"condition":[{"test":"StringEquals","values":["lambda.amazonaws.com"],"variable":"iam:PassedToService"}],"effect":"Allow","not_actions":[],"not_principals":[],"not_resources":[],"principals":[],"resources":["arn:aws:iam::123456789012:role/topping-*"],"sid":"PassExecutionRole"},{"actions":["iam:ListRoles","lambda:GetAccountSettings","lambda:ListEventSourceMappings","lambda:ListFunctions"],"condition":[],"effect":"Allow","not_actions":[],"not_principals":[],"not_resources":[],"principals":[],"resources":["*"],"sid":"ReadOnlyPermissions"},{"actions":["lambda:CreateFunction","lambda:GetFunction","lambda:GetFunctionCodeSigningConfig","lambda:GetFunctionEventInvokeConfig","lambda:GetPolicy","lambda:ListAliases","lambda:ListProvisionedConcurrencyConfigs","lambda:ListTags","lambda:ListVersionsByFunction","lambda:UpdateFunctionCode","lambda:invokeFunction"],"condition":[],"effect":"Allow","not_actions":[],"not_principals":[],"not_resources":[],"principals":[],"resources":["arn:aws:lambda:us-east-1:123456789012:function:pizza-*"],"sid":"ViewAndConfigureFunctions"}],"version":"2012-10-17"},"sensitive_values":{"statement":[{"actions":[false],"condition":[{"values":[false]}],"not_actions":[],"not_principals":[],"not_resources":[],"principals":[],"resources":[false]},{"actions":[false,false,false,false],"condition":[],"not_actions":[],"not_principals":[],"not_resources":[],"principals":[],"resources":[false]},{"actions":[false,false,false,false,false,false,false,false,false,false,false],"condition":[],"not_actions":[],"not_principals":[],"not_resources":[],"principals":[],"resources":[false]}]}}]}}},"configuration":{"provider_config":{"aws":{"name":"aws","full_name":"registry.terraform.io/hashicorp/aws","version_constraint":"~\u003e 4.0","expressions":{"region":{"constant_value":"us-east-1"}}}},"root_module":{"resources":[{"address":"aws_iam_policy.demo_policy","mode":"managed","type":"aws_iam_policy","name":"demo_policy","provider_config_key":"aws","expressions":{"description":{"constant_value":"This is a demo policy"},"name":{"constant_value":"demo-policy"},"policy":{"references":["data.aws_iam_policy_document.demo_policy.json","data.aws_iam_policy_document.demo_policy"]}},"schema_version":0},{"address":"data.aws_iam_policy_document.demo_policy","mode":"data","type":"aws_iam_policy_document","name":"demo_policy","provider_config_key":"aws","expressions":{"statement":[{"actions":{"constant_value":["iam:PassRole"]},"condition":[{"test":{"constant_value":"StringEquals"},"values":{"constant_value":["lambda.amazonaws.com"]},"variable":{"constant_value":"iam:PassedToService"}}],"effect":{"constant_value":"Allow"},"resources":{"constant_value":["arn:aws:iam::123456789012:role/topping-*"]},"sid":{"constant_value":"PassExecutionRole"}},{"actions":{"constant_value":["iam:ListRoles","lambda:GetAccountSettings","lambda:ListEventSourceMappings","lambda:ListFunctions"]},"effect":{"constant_value":"Allow"},"resources":{"constant_value":["*"]},"sid":{"constant_value":"ReadOnlyPermissions"}},{"actions":{"constant_value":["lambda:CreateFunction","lambda:GetFunction","lambda:GetFunctionCodeSigningConfig","lambda:GetFunctionEventInvokeConfig","lambda:GetPolicy","lambda:ListAliases","lambda:ListProvisionedConcurrencyConfigs","lambda:ListTags","lambda:ListVersionsByFunction","lambda:UpdateFunctionCode","lambda:invokeFunction"]},"effect":{"constant_value":"Allow"},"resources":{"constant_value":["arn:aws:lambda:us-east-1:123456789012:function:pizza-*"]},"sid":{"constant_value":"ViewAndConfigureFunctions"}}]},"schema_version":0}]}},"relevant_attributes":[{"resource":"data.aws_iam_policy_document.demo_policy","attribute":["json"]}],"timestamp":"2023-11-01T20:19:44Z"}
